
Microsoft Visual Studio Solution File, Format Version 12.00
# Visual Studio Version 17
VisualStudioVersion = 17.0.31612.314
MinimumVisualStudioVersion = 10.0.40219.1
Project("{2150E333-8FDC-42A3-9474-1A3956D46DE8}") = "WebServiceFacade", "WebServiceFacade", "{9B9D7015-F43C-4D32-9E11-C95C2673786A}"
EndProject
Project("{2150E333-8FDC-42A3-9474-1A3956D46DE8}") = "Solution Items", "Solution Items", "{1BDA10AC-E31F-44AE-9183-223E13894512}"
	ProjectSection(SolutionItems) = preProject
		.editorconfig = .editorconfig
	EndProjectSection
EndProject
Project("{9A19103F-16F7-4668-BE54-9A1E7A4F7556}") = "TSMoreland.ArdsBorough.Api.DataTransferObjects", "..\rest-dto\TSMoreland.ArdsBorough.Api.DataTransferObjects\TSMoreland.ArdsBorough.Api.DataTransferObjects.csproj", "{57A10840-D75D-4142-A57A-22A11C628A88}"
EndProject
Project("{9A19103F-16F7-4668-BE54-9A1E7A4F7556}") = "TSMoreland.WebApi.Middleware", "TSMoreland.WebApi.Middleware\TSMoreland.WebApi.Middleware.csproj", "{53F0D694-7704-4F63-ABC6-4F9098D64315}"
EndProject
Project("{2150E333-8FDC-42A3-9474-1A3956D46DE8}") = "External", "External", "{EB10535E-DB2C-4F7F-BF6F-FA28C4D32A8C}"
EndProject
Project("{2150E333-8FDC-42A3-9474-1A3956D46DE8}") = "Collections", "Collections", "{F1E0EDAA-62CA-4A84-85FD-0FAF7DF01B32}"
EndProject
Project("{2150E333-8FDC-42A3-9474-1A3956D46DE8}") = "App", "App", "{109B32AC-3322-4723-8F03-7B1D4E981422}"
EndProject
Project("{9A19103F-16F7-4668-BE54-9A1E7A4F7556}") = "TSMoreland.ArdsBorough.Bins.Collections.Shared", "..\Bins.Collections\TSMoreland.ArdsBorough.Bins.Collections.Shared\TSMoreland.ArdsBorough.Bins.Collections.Shared.csproj", "{0569FE5F-E7CE-40AE-9923-A7E6F708A244}"
EndProject
Project("{9A19103F-16F7-4668-BE54-9A1E7A4F7556}") = "TSMoreland.ArdsBorough.Bins.Collections.Core", "..\Bins.Collections\TSMoreland.ArdsBorough.Bins.Collections.Core\TSMoreland.ArdsBorough.Bins.Collections.Core.csproj", "{A26B7A70-D36C-48E1-9136-E6714917D6FF}"
EndProject
Project("{9A19103F-16F7-4668-BE54-9A1E7A4F7556}") = "TSMoreland.ArdsBorough.Bins.Collections.Core.Test", "..\Bins.Collections\TSMoreland.ArdsBorough.Bins.Collections.Core.Test\TSMoreland.ArdsBorough.Bins.Collections.Core.Test.csproj", "{9BCD7D64-A328-4FCF-B928-E53DC5BB22A9}"
EndProject
Project("{9A19103F-16F7-4668-BE54-9A1E7A4F7556}") = "TSMoreland.ArdsBorough.Bins.Collections.DependencyInjection", "..\Bins.Collections\TSMoreland.ArdsBorough.Bins.Collections.DependencyInjection\TSMoreland.ArdsBorough.Bins.Collections.DependencyInjection.csproj", "{C7E35883-B7DC-4860-8A5C-D61F48E4F20A}"
EndProject
Project("{9A19103F-16F7-4668-BE54-9A1E7A4F7556}") = "TSMoreland.ArdsBorough.Bins.Collections.Services", "..\Bins.Collections\TSMoreland.ArdsBorough.Bins.Collections.Services\TSMoreland.ArdsBorough.Bins.Collections.Services.csproj", "{52F799D5-DB77-4D9F-96D4-3E726EB7EC85}"
EndProject
Project("{9A19103F-16F7-4668-BE54-9A1E7A4F7556}") = "ArdsBorough.WebService.External", "..\External\ArdsBorough.Api.External\ArdsBorough.WebService.External.csproj", "{D8E6BAF0-2478-4789-894C-CF74147AF9AF}"
EndProject
Project("{9A19103F-16F7-4668-BE54-9A1E7A4F7556}") = "TSMoreland.ArdsBorough.Api.WebServiceFacade.Shared", "..\WebServiceFacade\TSMoreland.ArdsBorough.Api.WebServiceFacade.Shared\TSMoreland.ArdsBorough.Api.WebServiceFacade.Shared.csproj", "{64299E60-C0A4-46C0-BF60-8CFC75E468A0}"
EndProject
Project("{9A19103F-16F7-4668-BE54-9A1E7A4F7556}") = "TSMoreland.ArdsBorough.Api.WebServiceFacade.DependencyInjection", "..\WebServiceFacade\TSMoreland.ArdsBorough.Api.WebServiceFacade.DependencyInjection\TSMoreland.ArdsBorough.Api.WebServiceFacade.DependencyInjection.csproj", "{7948B435-28A2-48A2-A435-4676FE71494A}"
EndProject
Project("{9A19103F-16F7-4668-BE54-9A1E7A4F7556}") = "TSMoreland.ArdsBorough.Api.WebServiceFacade.Core", "..\WebServiceFacade\TSMoreland.ArdsBorough.Api.WebServiceFacade.Core\TSMoreland.ArdsBorough.Api.WebServiceFacade.Core.csproj", "{3B840E9F-7FDE-4BF8-9CCD-FE8FCE398CAF}"
EndProject
Project("{9A19103F-16F7-4668-BE54-9A1E7A4F7556}") = "TSMoreland.ArdsBorough.Api.WebServiceFacade.Infrastructure", "..\WebServiceFacade\TSMoreland.ArdsBorough.Api.WebServiceFacade.Infrastructure\TSMoreland.ArdsBorough.Api.WebServiceFacade.Infrastructure.csproj", "{F709E7C3-8954-4242-9B28-23CEBC9CC219}"
EndProject
Project("{9A19103F-16F7-4668-BE54-9A1E7A4F7556}") = "TSMoreland.ArdsBorough.Api.WebServiceFacade.Services", "..\WebServiceFacade\TSMoreland.ArdsBorough.Api.WebServiceFacade.Services\TSMoreland.ArdsBorough.Api.WebServiceFacade.Services.csproj", "{BF9500B5-6E05-4F7F-A3AD-9A6F2D375B0C}"
EndProject
Project("{9A19103F-16F7-4668-BE54-9A1E7A4F7556}") = "TSMoreland.ArdsBorough.WebApi.App", "TSMoreland.ArdsBorourgh.WebApi.App\TSMoreland.ArdsBorough.WebApi.App.csproj", "{396C23F6-23F9-4891-B65E-21D08C41A73C}"
EndProject
Project("{9A19103F-16F7-4668-BE54-9A1E7A4F7556}") = "TSMoreland.ArdsBorough.Infrastructure", "..\Infrastructure\TSMoreland.ArdsBorough.Infrastructure\TSMoreland.ArdsBorough.Infrastructure.csproj", "{8779128A-49B4-4E7D-8DB4-8CC5E4E62BBF}"
EndProject
Global
	GlobalSection(SolutionConfigurationPlatforms) = preSolution
		Debug|Any CPU = Debug|Any CPU
		Release|Any CPU = Release|Any CPU
	EndGlobalSection
	GlobalSection(ProjectConfigurationPlatforms) = postSolution
		{57A10840-D75D-4142-A57A-22A11C628A88}.Debug|Any CPU.ActiveCfg = Debug|Any CPU
		{57A10840-D75D-4142-A57A-22A11C628A88}.Debug|Any CPU.Build.0 = Debug|Any CPU
		{57A10840-D75D-4142-A57A-22A11C628A88}.Release|Any CPU.ActiveCfg = Release|Any CPU
		{57A10840-D75D-4142-A57A-22A11C628A88}.Release|Any CPU.Build.0 = Release|Any CPU
		{53F0D694-7704-4F63-ABC6-4F9098D64315}.Debug|Any CPU.ActiveCfg = Debug|Any CPU
		{53F0D694-7704-4F63-ABC6-4F9098D64315}.Debug|Any CPU.Build.0 = Debug|Any CPU
		{53F0D694-7704-4F63-ABC6-4F9098D64315}.Release|Any CPU.ActiveCfg = Release|Any CPU
		{53F0D694-7704-4F63-ABC6-4F9098D64315}.Release|Any CPU.Build.0 = Release|Any CPU
		{0569FE5F-E7CE-40AE-9923-A7E6F708A244}.Debug|Any CPU.ActiveCfg = Debug|Any CPU
		{0569FE5F-E7CE-40AE-9923-A7E6F708A244}.Debug|Any CPU.Build.0 = Debug|Any CPU
		{0569FE5F-E7CE-40AE-9923-A7E6F708A244}.Release|Any CPU.ActiveCfg = Release|Any CPU
		{0569FE5F-E7CE-40AE-9923-A7E6F708A244}.Release|Any CPU.Build.0 = Release|Any CPU
		{A26B7A70-D36C-48E1-9136-E6714917D6FF}.Debug|Any CPU.ActiveCfg = Debug|Any CPU
		{A26B7A70-D36C-48E1-9136-E6714917D6FF}.Debug|Any CPU.Build.0 = Debug|Any CPU
		{A26B7A70-D36C-48E1-9136-E6714917D6FF}.Release|Any CPU.ActiveCfg = Release|Any CPU
		{A26B7A70-D36C-48E1-9136-E6714917D6FF}.Release|Any CPU.Build.0 = Release|Any CPU
		{9BCD7D64-A328-4FCF-B928-E53DC5BB22A9}.Debug|Any CPU.ActiveCfg = Debug|Any CPU
		{9BCD7D64-A328-4FCF-B928-E53DC5BB22A9}.Debug|Any CPU.Build.0 = Debug|Any CPU
		{9BCD7D64-A328-4FCF-B928-E53DC5BB22A9}.Release|Any CPU.ActiveCfg = Release|Any CPU
		{9BCD7D64-A328-4FCF-B928-E53DC5BB22A9}.Release|Any CPU.Build.0 = Release|Any CPU
		{C7E35883-B7DC-4860-8A5C-D61F48E4F20A}.Debug|Any CPU.ActiveCfg = Debug|Any CPU
		{C7E35883-B7DC-4860-8A5C-D61F48E4F20A}.Debug|Any CPU.Build.0 = Debug|Any CPU
		{C7E35883-B7DC-4860-8A5C-D61F48E4F20A}.Release|Any CPU.ActiveCfg = Release|Any CPU
		{C7E35883-B7DC-4860-8A5C-D61F48E4F20A}.Release|Any CPU.Build.0 = Release|Any CPU
		{52F799D5-DB77-4D9F-96D4-3E726EB7EC85}.Debug|Any CPU.ActiveCfg = Debug|Any CPU
		{52F799D5-DB77-4D9F-96D4-3E726EB7EC85}.Debug|Any CPU.Build.0 = Debug|Any CPU
		{52F799D5-DB77-4D9F-96D4-3E726EB7EC85}.Release|Any CPU.ActiveCfg = Release|Any CPU
		{52F799D5-DB77-4D9F-96D4-3E726EB7EC85}.Release|Any CPU.Build.0 = Release|Any CPU
		{D8E6BAF0-2478-4789-894C-CF74147AF9AF}.Debug|Any CPU.ActiveCfg = Debug|Any CPU
		{D8E6BAF0-2478-4789-894C-CF74147AF9AF}.Debug|Any CPU.Build.0 = Debug|Any CPU
		{D8E6BAF0-2478-4789-894C-CF74147AF9AF}.Release|Any CPU.ActiveCfg = Release|Any CPU
		{D8E6BAF0-2478-4789-894C-CF74147AF9AF}.Release|Any CPU.Build.0 = Release|Any CPU
		{64299E60-C0A4-46C0-BF60-8CFC75E468A0}.Debug|Any CPU.ActiveCfg = Debug|Any CPU
		{64299E60-C0A4-46C0-BF60-8CFC75E468A0}.Debug|Any CPU.Build.0 = Debug|Any CPU
		{64299E60-C0A4-46C0-BF60-8CFC75E468A0}.Release|Any CPU.ActiveCfg = Release|Any CPU
		{64299E60-C0A4-46C0-BF60-8CFC75E468A0}.Release|Any CPU.Build.0 = Release|Any CPU
		{7948B435-28A2-48A2-A435-4676FE71494A}.Debug|Any CPU.ActiveCfg = Debug|Any CPU
		{7948B435-28A2-48A2-A435-4676FE71494A}.Debug|Any CPU.Build.0 = Debug|Any CPU
		{7948B435-28A2-48A2-A435-4676FE71494A}.Release|Any CPU.ActiveCfg = Release|Any CPU
		{7948B435-28A2-48A2-A435-4676FE71494A}.Release|Any CPU.Build.0 = Release|Any CPU
		{3B840E9F-7FDE-4BF8-9CCD-FE8FCE398CAF}.Debug|Any CPU.ActiveCfg = Debug|Any CPU
		{3B840E9F-7FDE-4BF8-9CCD-FE8FCE398CAF}.Debug|Any CPU.Build.0 = Debug|Any CPU
		{3B840E9F-7FDE-4BF8-9CCD-FE8FCE398CAF}.Release|Any CPU.ActiveCfg = Release|Any CPU
		{3B840E9F-7FDE-4BF8-9CCD-FE8FCE398CAF}.Release|Any CPU.Build.0 = Release|Any CPU
		{F709E7C3-8954-4242-9B28-23CEBC9CC219}.Debug|Any CPU.ActiveCfg = Debug|Any CPU
		{F709E7C3-8954-4242-9B28-23CEBC9CC219}.Debug|Any CPU.Build.0 = Debug|Any CPU
		{F709E7C3-8954-4242-9B28-23CEBC9CC219}.Release|Any CPU.ActiveCfg = Release|Any CPU
		{F709E7C3-8954-4242-9B28-23CEBC9CC219}.Release|Any CPU.Build.0 = Release|Any CPU
		{BF9500B5-6E05-4F7F-A3AD-9A6F2D375B0C}.Debug|Any CPU.ActiveCfg = Debug|Any CPU
		{BF9500B5-6E05-4F7F-A3AD-9A6F2D375B0C}.Debug|Any CPU.Build.0 = Debug|Any CPU
		{BF9500B5-6E05-4F7F-A3AD-9A6F2D375B0C}.Release|Any CPU.ActiveCfg = Release|Any CPU
		{BF9500B5-6E05-4F7F-A3AD-9A6F2D375B0C}.Release|Any CPU.Build.0 = Release|Any CPU
		{396C23F6-23F9-4891-B65E-21D08C41A73C}.Debug|Any CPU.ActiveCfg = Debug|Any CPU
		{396C23F6-23F9-4891-B65E-21D08C41A73C}.Debug|Any CPU.Build.0 = Debug|Any CPU
		{396C23F6-23F9-4891-B65E-21D08C41A73C}.Release|Any CPU.ActiveCfg = Release|Any CPU
		{396C23F6-23F9-4891-B65E-21D08C41A73C}.Release|Any CPU.Build.0 = Release|Any CPU
		{8779128A-49B4-4E7D-8DB4-8CC5E4E62BBF}.Debug|Any CPU.ActiveCfg = Debug|Any CPU
		{8779128A-49B4-4E7D-8DB4-8CC5E4E62BBF}.Debug|Any CPU.Build.0 = Debug|Any CPU
		{8779128A-49B4-4E7D-8DB4-8CC5E4E62BBF}.Release|Any CPU.ActiveCfg = Release|Any CPU
		{8779128A-49B4-4E7D-8DB4-8CC5E4E62BBF}.Release|Any CPU.Build.0 = Release|Any CPU
	EndGlobalSection
	GlobalSection(SolutionProperties) = preSolution
		HideSolutionNode = FALSE
	EndGlobalSection
	GlobalSection(NestedProjects) = preSolution
		{57A10840-D75D-4142-A57A-22A11C628A88} = {109B32AC-3322-4723-8F03-7B1D4E981422}
		{53F0D694-7704-4F63-ABC6-4F9098D64315} = {109B32AC-3322-4723-8F03-7B1D4E981422}
		{0569FE5F-E7CE-40AE-9923-A7E6F708A244} = {F1E0EDAA-62CA-4A84-85FD-0FAF7DF01B32}
		{A26B7A70-D36C-48E1-9136-E6714917D6FF} = {F1E0EDAA-62CA-4A84-85FD-0FAF7DF01B32}
		{9BCD7D64-A328-4FCF-B928-E53DC5BB22A9} = {F1E0EDAA-62CA-4A84-85FD-0FAF7DF01B32}
		{C7E35883-B7DC-4860-8A5C-D61F48E4F20A} = {F1E0EDAA-62CA-4A84-85FD-0FAF7DF01B32}
		{52F799D5-DB77-4D9F-96D4-3E726EB7EC85} = {F1E0EDAA-62CA-4A84-85FD-0FAF7DF01B32}
		{D8E6BAF0-2478-4789-894C-CF74147AF9AF} = {EB10535E-DB2C-4F7F-BF6F-FA28C4D32A8C}
		{64299E60-C0A4-46C0-BF60-8CFC75E468A0} = {9B9D7015-F43C-4D32-9E11-C95C2673786A}
		{7948B435-28A2-48A2-A435-4676FE71494A} = {9B9D7015-F43C-4D32-9E11-C95C2673786A}
		{3B840E9F-7FDE-4BF8-9CCD-FE8FCE398CAF} = {9B9D7015-F43C-4D32-9E11-C95C2673786A}
		{F709E7C3-8954-4242-9B28-23CEBC9CC219} = {9B9D7015-F43C-4D32-9E11-C95C2673786A}
		{BF9500B5-6E05-4F7F-A3AD-9A6F2D375B0C} = {9B9D7015-F43C-4D32-9E11-C95C2673786A}
		{396C23F6-23F9-4891-B65E-21D08C41A73C} = {109B32AC-3322-4723-8F03-7B1D4E981422}
		{8779128A-49B4-4E7D-8DB4-8CC5E4E62BBF} = {109B32AC-3322-4723-8F03-7B1D4E981422}
	EndGlobalSection
	GlobalSection(ExtensibilityGlobals) = postSolution
		SolutionGuid = {ACF31183-C0A3-43FA-A43E-7F14F112DD1A}
	EndGlobalSection
EndGlobal
