
Microsoft Visual Studio Solution File, Format Version 12.00
# Visual Studio Version 17
VisualStudioVersion = 17.0.31612.314
MinimumVisualStudioVersion = 10.0.40219.1
Project("{9A19103F-16F7-4668-BE54-9A1E7A4F7556}") = "TSMoreland.ArdsBourgh.Api.App", "TSMoreland.ArdsBourgh.Api.App\TSMoreland.ArdsBourgh.Api.App.csproj", "{06749E6F-F9F9-4E5C-991A-2F7AF09398E1}"
EndProject
Project("{2150E333-8FDC-42A3-9474-1A3956D46DE8}") = "WebServiceFacade", "WebServiceFacade", "{9B9D7015-F43C-4D32-9E11-C95C2673786A}"
EndProject
Project("{2150E333-8FDC-42A3-9474-1A3956D46DE8}") = "Solution Items", "Solution Items", "{1BDA10AC-E31F-44AE-9183-223E13894512}"
	ProjectSection(SolutionItems) = preProject
		.editorconfig = .editorconfig
	EndProjectSection
EndProject
Project("{9A19103F-16F7-4668-BE54-9A1E7A4F7556}") = "TSMoreland.ArdsBorough.Api.DataTransferObjects", "..\rest-dto\TSMoreland.ArdsBorough.Api.DataTransferObjects\TSMoreland.ArdsBorough.Api.DataTransferObjects.csproj", "{57A10840-D75D-4142-A57A-22A11C628A88}"
EndProject
Project("{9A19103F-16F7-4668-BE54-9A1E7A4F7556}") = "TSMoreland.WebApi.Middleware", "TSMoreland.WebApi.Middleware\TSMoreland.WebApi.Middleware.csproj", "{53F0D694-7704-4F63-ABC6-4F9098D64315}"
EndProject
Project("{2150E333-8FDC-42A3-9474-1A3956D46DE8}") = "External", "External", "{EB10535E-DB2C-4F7F-BF6F-FA28C4D32A8C}"
EndProject
Project("{9A19103F-16F7-4668-BE54-9A1E7A4F7556}") = "ArdsBorough.WebService.External", "ArdsBorough.Api.External\ArdsBorough.WebService.External.csproj", "{C3ADD128-D532-403C-92B5-EE5CFBB5EE73}"
EndProject
Project("{9A19103F-16F7-4668-BE54-9A1E7A4F7556}") = "TSMoreland.ArdsBorough.Api.WebServiceFacade.Shared", "TSMoreland.ArdsBorough.Api.WebServiceFacade.Shared\TSMoreland.ArdsBorough.Api.WebServiceFacade.Shared.csproj", "{EAEA4440-ED13-4CE5-A9F0-9ED28B2DA406}"
EndProject
Project("{9A19103F-16F7-4668-BE54-9A1E7A4F7556}") = "TSMoreland.ArdsBorough.Api.WebServiceFacade.Core", "TSMoreland.ArdsBorough.Api.WebServiceFacade.Core\TSMoreland.ArdsBorough.Api.WebServiceFacade.Core.csproj", "{BAE25A48-44D9-4970-A68C-71B1B3E3D0D2}"
EndProject
Project("{9A19103F-16F7-4668-BE54-9A1E7A4F7556}") = "TSMoreland.ArdsBorough.Api.WebServiceFacade.DependencyInjection", "TSMoreland.ArdsBorough.Api.WebServiceFacade.DependencyInjection\TSMoreland.ArdsBorough.Api.WebServiceFacade.DependencyInjection.csproj", "{118065AC-A7E6-4C1E-A541-EDB0141FD42D}"
EndProject
Project("{2150E333-8FDC-42A3-9474-1A3956D46DE8}") = "ArdsBorough.Bins", "ArdsBorough.Bins", "{F1E0EDAA-62CA-4A84-85FD-0FAF7DF01B32}"
EndProject
Project("{2150E333-8FDC-42A3-9474-1A3956D46DE8}") = "App", "App", "{109B32AC-3322-4723-8F03-7B1D4E981422}"
EndProject
Project("{9A19103F-16F7-4668-BE54-9A1E7A4F7556}") = "TSMoreland.ArdsBorough.Api.WebServiceFacade.Infrastructure", "TSMoreland.ArdsBorough.Api.WebServiceFacade.Infrastructure\TSMoreland.ArdsBorough.Api.WebServiceFacade.Infrastructure.csproj", "{89E3CC0D-F4AF-4A8F-8104-6C567B2B26A9}"
EndProject
Project("{9A19103F-16F7-4668-BE54-9A1E7A4F7556}") = "TSMoreland.ArdsBorough.Bins.Shared", "TSMoreland.ArdsBorough.Bins.Shared\TSMoreland.ArdsBorough.Bins.Shared.csproj", "{86F5922F-94B8-4809-B656-9061E5FF4BA1}"
EndProject
Project("{9A19103F-16F7-4668-BE54-9A1E7A4F7556}") = "TSMoreland.ArdsBorough.Bins.Core", "TSMoreland.ArdsBorough.Bins.Core\TSMoreland.ArdsBorough.Bins.Core.csproj", "{4CBE775D-7CB2-4E2B-893B-260E907B93CF}"
EndProject
Project("{9A19103F-16F7-4668-BE54-9A1E7A4F7556}") = "TSMoreland.ArdsBorough.Bins.Core.Test", "TSMoreland.ArdsBorough.Bins.Core.Test\TSMoreland.ArdsBorough.Bins.Core.Test.csproj", "{FDEB7DB0-2E4D-4DEB-9330-D44A3A086630}"
EndProject
Project("{9A19103F-16F7-4668-BE54-9A1E7A4F7556}") = "TSMoreland.ArdsBorough.Bins.DependencyInjection", "TSMoreland.ArdsBorough.Bins.DependencyInjection\TSMoreland.ArdsBorough.Bins.DependencyInjection.csproj", "{17C85805-6156-4F05-8FD7-2B99CD5C1F8E}"
EndProject
Project("{9A19103F-16F7-4668-BE54-9A1E7A4F7556}") = "TSMoreland.ArdsBorough.Bins.Services", "TSMoreland.ArdsBorough.Bins.Services\TSMoreland.ArdsBorough.Bins.Services.csproj", "{780FEFD3-9660-4E2E-A3FE-414CDC3EC809}"
EndProject
Project("{9A19103F-16F7-4668-BE54-9A1E7A4F7556}") = "TSMoreland.ArdsBorough.Api.WebServiceFacade.Services", "TSMoreland.ArdsBorough.Api.WebServiceFacade.Services\TSMoreland.ArdsBorough.Api.WebServiceFacade.Services.csproj", "{92871FFD-E2E4-4CE2-955A-71657454AE1F}"
EndProject
Global
	GlobalSection(SolutionConfigurationPlatforms) = preSolution
		Debug|Any CPU = Debug|Any CPU
		Release|Any CPU = Release|Any CPU
	EndGlobalSection
	GlobalSection(ProjectConfigurationPlatforms) = postSolution
		{06749E6F-F9F9-4E5C-991A-2F7AF09398E1}.Debug|Any CPU.ActiveCfg = Debug|Any CPU
		{06749E6F-F9F9-4E5C-991A-2F7AF09398E1}.Debug|Any CPU.Build.0 = Debug|Any CPU
		{06749E6F-F9F9-4E5C-991A-2F7AF09398E1}.Release|Any CPU.ActiveCfg = Release|Any CPU
		{06749E6F-F9F9-4E5C-991A-2F7AF09398E1}.Release|Any CPU.Build.0 = Release|Any CPU
		{57A10840-D75D-4142-A57A-22A11C628A88}.Debug|Any CPU.ActiveCfg = Debug|Any CPU
		{57A10840-D75D-4142-A57A-22A11C628A88}.Debug|Any CPU.Build.0 = Debug|Any CPU
		{57A10840-D75D-4142-A57A-22A11C628A88}.Release|Any CPU.ActiveCfg = Release|Any CPU
		{57A10840-D75D-4142-A57A-22A11C628A88}.Release|Any CPU.Build.0 = Release|Any CPU
		{53F0D694-7704-4F63-ABC6-4F9098D64315}.Debug|Any CPU.ActiveCfg = Debug|Any CPU
		{53F0D694-7704-4F63-ABC6-4F9098D64315}.Debug|Any CPU.Build.0 = Debug|Any CPU
		{53F0D694-7704-4F63-ABC6-4F9098D64315}.Release|Any CPU.ActiveCfg = Release|Any CPU
		{53F0D694-7704-4F63-ABC6-4F9098D64315}.Release|Any CPU.Build.0 = Release|Any CPU
		{C3ADD128-D532-403C-92B5-EE5CFBB5EE73}.Debug|Any CPU.ActiveCfg = Debug|Any CPU
		{C3ADD128-D532-403C-92B5-EE5CFBB5EE73}.Debug|Any CPU.Build.0 = Debug|Any CPU
		{C3ADD128-D532-403C-92B5-EE5CFBB5EE73}.Release|Any CPU.ActiveCfg = Release|Any CPU
		{C3ADD128-D532-403C-92B5-EE5CFBB5EE73}.Release|Any CPU.Build.0 = Release|Any CPU
		{EAEA4440-ED13-4CE5-A9F0-9ED28B2DA406}.Debug|Any CPU.ActiveCfg = Debug|Any CPU
		{EAEA4440-ED13-4CE5-A9F0-9ED28B2DA406}.Debug|Any CPU.Build.0 = Debug|Any CPU
		{EAEA4440-ED13-4CE5-A9F0-9ED28B2DA406}.Release|Any CPU.ActiveCfg = Release|Any CPU
		{EAEA4440-ED13-4CE5-A9F0-9ED28B2DA406}.Release|Any CPU.Build.0 = Release|Any CPU
		{BAE25A48-44D9-4970-A68C-71B1B3E3D0D2}.Debug|Any CPU.ActiveCfg = Debug|Any CPU
		{BAE25A48-44D9-4970-A68C-71B1B3E3D0D2}.Debug|Any CPU.Build.0 = Debug|Any CPU
		{BAE25A48-44D9-4970-A68C-71B1B3E3D0D2}.Release|Any CPU.ActiveCfg = Release|Any CPU
		{BAE25A48-44D9-4970-A68C-71B1B3E3D0D2}.Release|Any CPU.Build.0 = Release|Any CPU
		{118065AC-A7E6-4C1E-A541-EDB0141FD42D}.Debug|Any CPU.ActiveCfg = Debug|Any CPU
		{118065AC-A7E6-4C1E-A541-EDB0141FD42D}.Debug|Any CPU.Build.0 = Debug|Any CPU
		{118065AC-A7E6-4C1E-A541-EDB0141FD42D}.Release|Any CPU.ActiveCfg = Release|Any CPU
		{118065AC-A7E6-4C1E-A541-EDB0141FD42D}.Release|Any CPU.Build.0 = Release|Any CPU
		{89E3CC0D-F4AF-4A8F-8104-6C567B2B26A9}.Debug|Any CPU.ActiveCfg = Debug|Any CPU
		{89E3CC0D-F4AF-4A8F-8104-6C567B2B26A9}.Debug|Any CPU.Build.0 = Debug|Any CPU
		{89E3CC0D-F4AF-4A8F-8104-6C567B2B26A9}.Release|Any CPU.ActiveCfg = Release|Any CPU
		{89E3CC0D-F4AF-4A8F-8104-6C567B2B26A9}.Release|Any CPU.Build.0 = Release|Any CPU
		{86F5922F-94B8-4809-B656-9061E5FF4BA1}.Debug|Any CPU.ActiveCfg = Debug|Any CPU
		{86F5922F-94B8-4809-B656-9061E5FF4BA1}.Debug|Any CPU.Build.0 = Debug|Any CPU
		{86F5922F-94B8-4809-B656-9061E5FF4BA1}.Release|Any CPU.ActiveCfg = Release|Any CPU
		{86F5922F-94B8-4809-B656-9061E5FF4BA1}.Release|Any CPU.Build.0 = Release|Any CPU
		{4CBE775D-7CB2-4E2B-893B-260E907B93CF}.Debug|Any CPU.ActiveCfg = Debug|Any CPU
		{4CBE775D-7CB2-4E2B-893B-260E907B93CF}.Debug|Any CPU.Build.0 = Debug|Any CPU
		{4CBE775D-7CB2-4E2B-893B-260E907B93CF}.Release|Any CPU.ActiveCfg = Release|Any CPU
		{4CBE775D-7CB2-4E2B-893B-260E907B93CF}.Release|Any CPU.Build.0 = Release|Any CPU
		{FDEB7DB0-2E4D-4DEB-9330-D44A3A086630}.Debug|Any CPU.ActiveCfg = Debug|Any CPU
		{FDEB7DB0-2E4D-4DEB-9330-D44A3A086630}.Debug|Any CPU.Build.0 = Debug|Any CPU
		{FDEB7DB0-2E4D-4DEB-9330-D44A3A086630}.Release|Any CPU.ActiveCfg = Release|Any CPU
		{FDEB7DB0-2E4D-4DEB-9330-D44A3A086630}.Release|Any CPU.Build.0 = Release|Any CPU
		{17C85805-6156-4F05-8FD7-2B99CD5C1F8E}.Debug|Any CPU.ActiveCfg = Debug|Any CPU
		{17C85805-6156-4F05-8FD7-2B99CD5C1F8E}.Debug|Any CPU.Build.0 = Debug|Any CPU
		{17C85805-6156-4F05-8FD7-2B99CD5C1F8E}.Release|Any CPU.ActiveCfg = Release|Any CPU
		{17C85805-6156-4F05-8FD7-2B99CD5C1F8E}.Release|Any CPU.Build.0 = Release|Any CPU
		{780FEFD3-9660-4E2E-A3FE-414CDC3EC809}.Debug|Any CPU.ActiveCfg = Debug|Any CPU
		{780FEFD3-9660-4E2E-A3FE-414CDC3EC809}.Debug|Any CPU.Build.0 = Debug|Any CPU
		{780FEFD3-9660-4E2E-A3FE-414CDC3EC809}.Release|Any CPU.ActiveCfg = Release|Any CPU
		{780FEFD3-9660-4E2E-A3FE-414CDC3EC809}.Release|Any CPU.Build.0 = Release|Any CPU
		{92871FFD-E2E4-4CE2-955A-71657454AE1F}.Debug|Any CPU.ActiveCfg = Debug|Any CPU
		{92871FFD-E2E4-4CE2-955A-71657454AE1F}.Debug|Any CPU.Build.0 = Debug|Any CPU
		{92871FFD-E2E4-4CE2-955A-71657454AE1F}.Release|Any CPU.ActiveCfg = Release|Any CPU
		{92871FFD-E2E4-4CE2-955A-71657454AE1F}.Release|Any CPU.Build.0 = Release|Any CPU
	EndGlobalSection
	GlobalSection(SolutionProperties) = preSolution
		HideSolutionNode = FALSE
	EndGlobalSection
	GlobalSection(NestedProjects) = preSolution
		{06749E6F-F9F9-4E5C-991A-2F7AF09398E1} = {109B32AC-3322-4723-8F03-7B1D4E981422}
		{57A10840-D75D-4142-A57A-22A11C628A88} = {109B32AC-3322-4723-8F03-7B1D4E981422}
		{53F0D694-7704-4F63-ABC6-4F9098D64315} = {109B32AC-3322-4723-8F03-7B1D4E981422}
		{C3ADD128-D532-403C-92B5-EE5CFBB5EE73} = {EB10535E-DB2C-4F7F-BF6F-FA28C4D32A8C}
		{EAEA4440-ED13-4CE5-A9F0-9ED28B2DA406} = {9B9D7015-F43C-4D32-9E11-C95C2673786A}
		{BAE25A48-44D9-4970-A68C-71B1B3E3D0D2} = {9B9D7015-F43C-4D32-9E11-C95C2673786A}
		{118065AC-A7E6-4C1E-A541-EDB0141FD42D} = {9B9D7015-F43C-4D32-9E11-C95C2673786A}
		{89E3CC0D-F4AF-4A8F-8104-6C567B2B26A9} = {9B9D7015-F43C-4D32-9E11-C95C2673786A}
		{86F5922F-94B8-4809-B656-9061E5FF4BA1} = {F1E0EDAA-62CA-4A84-85FD-0FAF7DF01B32}
		{4CBE775D-7CB2-4E2B-893B-260E907B93CF} = {F1E0EDAA-62CA-4A84-85FD-0FAF7DF01B32}
		{FDEB7DB0-2E4D-4DEB-9330-D44A3A086630} = {F1E0EDAA-62CA-4A84-85FD-0FAF7DF01B32}
		{17C85805-6156-4F05-8FD7-2B99CD5C1F8E} = {F1E0EDAA-62CA-4A84-85FD-0FAF7DF01B32}
		{780FEFD3-9660-4E2E-A3FE-414CDC3EC809} = {F1E0EDAA-62CA-4A84-85FD-0FAF7DF01B32}
		{92871FFD-E2E4-4CE2-955A-71657454AE1F} = {9B9D7015-F43C-4D32-9E11-C95C2673786A}
	EndGlobalSection
	GlobalSection(ExtensibilityGlobals) = postSolution
		SolutionGuid = {ACF31183-C0A3-43FA-A43E-7F14F112DD1A}
	EndGlobalSection
EndGlobal
